// !$*UTF8*$!
{
	archiveVersion = 1;
	classes = {
	};
	objectVersion = 56;
	objects = {

/* Begin PBXBuildFile section */
		B2C26EA62903D46F001041A8 /* TronesApp.swift in Sources */ = {isa = PBXBuildFile; fileRef = B2C26EA52903D46F001041A8 /* TronesApp.swift */; };
		B2C26EA82903D46F001041A8 /* ContentView.swift in Sources */ = {isa = PBXBuildFile; fileRef = B2C26EA72903D46F001041A8 /* ContentView.swift */; };
		B2C26EAA2903D471001041A8 /* Assets.xcassets in Resources */ = {isa = PBXBuildFile; fileRef = B2C26EA92903D471001041A8 /* Assets.xcassets */; };
		B2C26EAD2903D471001041A8 /* Preview Assets.xcassets in Resources */ = {isa = PBXBuildFile; fileRef = B2C26EAC2903D471001041A8 /* Preview Assets.xcassets */; };
		B2C26EB72903D642001041A8 /* House.swift in Sources */ = {isa = PBXBuildFile; fileRef = B2C26EB62903D642001041A8 /* House.swift */; };
		B2C26EBA2903DA73001041A8 /* HousesMock.swift in Sources */ = {isa = PBXBuildFile; fileRef = B2C26EB92903DA73001041A8 /* HousesMock.swift */; };
		B2C26EBC2903DED3001041A8 /* HousesMock.json in Resources */ = {isa = PBXBuildFile; fileRef = B2C26EBB2903DED3001041A8 /* HousesMock.json */; };
		B2C26ECC2903EFD1001041A8 /* RequestProtocol.swift in Sources */ = {isa = PBXBuildFile; fileRef = B2C26ECB2903EFD1001041A8 /* RequestProtocol.swift */; };
		B2C26ECF2903F055001041A8 /* RequestType.swift in Sources */ = {isa = PBXBuildFile; fileRef = B2C26ECE2903F055001041A8 /* RequestType.swift */; };
		B2C26ED12903F079001041A8 /* ApiConstants.swift in Sources */ = {isa = PBXBuildFile; fileRef = B2C26ED02903F079001041A8 /* ApiConstants.swift */; };
		B2C26ED42903F0D8001041A8 /* NetworkError.swift in Sources */ = {isa = PBXBuildFile; fileRef = B2C26ED32903F0D8001041A8 /* NetworkError.swift */; };
		B2C26ED62903FA26001041A8 /* APIManagerProtocol.swift in Sources */ = {isa = PBXBuildFile; fileRef = B2C26ED52903FA26001041A8 /* APIManagerProtocol.swift */; };
		B2C26ED82903FEAF001041A8 /* RequestManager.swift in Sources */ = {isa = PBXBuildFile; fileRef = B2C26ED72903FEAF001041A8 /* RequestManager.swift */; };
		B2C26EDB2904008D001041A8 /* DataParserProtocol.swift in Sources */ = {isa = PBXBuildFile; fileRef = B2C26EDA2904008D001041A8 /* DataParserProtocol.swift */; };
		B2C26EDE2904544E001041A8 /* HousesRequest.swift in Sources */ = {isa = PBXBuildFile; fileRef = B2C26EDD2904544E001041A8 /* HousesRequest.swift */; };
		B2C26EE32905CC52001041A8 /* Data+Extension.swift in Sources */ = {isa = PBXBuildFile; fileRef = B2C26EE22905CC52001041A8 /* Data+Extension.swift */; };
/* End PBXBuildFile section */

/* Begin PBXFileReference section */
		B2C26EA22903D46F001041A8 /* Trones.app */ = {isa = PBXFileReference; explicitFileType = wrapper.application; includeInIndex = 0; path = Trones.app; sourceTree = BUILT_PRODUCTS_DIR; };
		B2C26EA52903D46F001041A8 /* TronesApp.swift */ = {isa = PBXFileReference; lastKnownFileType = sourcecode.swift; path = TronesApp.swift; sourceTree = "<group>"; };
		B2C26EA72903D46F001041A8 /* ContentView.swift */ = {isa = PBXFileReference; lastKnownFileType = sourcecode.swift; path = ContentView.swift; sourceTree = "<group>"; };
		B2C26EA92903D471001041A8 /* Assets.xcassets */ = {isa = PBXFileReference; lastKnownFileType = folder.assetcatalog; path = Assets.xcassets; sourceTree = "<group>"; };
		B2C26EAC2903D471001041A8 /* Preview Assets.xcassets */ = {isa = PBXFileReference; lastKnownFileType = folder.assetcatalog; path = "Preview Assets.xcassets"; sourceTree = "<group>"; };
		B2C26EB62903D642001041A8 /* House.swift */ = {isa = PBXFileReference; lastKnownFileType = sourcecode.swift; path = House.swift; sourceTree = "<group>"; };
		B2C26EB92903DA73001041A8 /* HousesMock.swift */ = {isa = PBXFileReference; lastKnownFileType = sourcecode.swift; path = HousesMock.swift; sourceTree = "<group>"; };
		B2C26EBB2903DED3001041A8 /* HousesMock.json */ = {isa = PBXFileReference; lastKnownFileType = text.json; path = HousesMock.json; sourceTree = "<group>"; xcLanguageSpecificationIdentifier = xcode.lang.json; };
		B2C26ECB2903EFD1001041A8 /* RequestProtocol.swift */ = {isa = PBXFileReference; lastKnownFileType = sourcecode.swift; path = RequestProtocol.swift; sourceTree = "<group>"; };
		B2C26ECE2903F055001041A8 /* RequestType.swift */ = {isa = PBXFileReference; lastKnownFileType = sourcecode.swift; path = RequestType.swift; sourceTree = "<group>"; };
		B2C26ED02903F079001041A8 /* ApiConstants.swift */ = {isa = PBXFileReference; lastKnownFileType = sourcecode.swift; path = ApiConstants.swift; sourceTree = "<group>"; };
		B2C26ED32903F0D8001041A8 /* NetworkError.swift */ = {isa = PBXFileReference; lastKnownFileType = sourcecode.swift; path = NetworkError.swift; sourceTree = "<group>"; };
		B2C26ED52903FA26001041A8 /* APIManagerProtocol.swift */ = {isa = PBXFileReference; lastKnownFileType = sourcecode.swift; path = APIManagerProtocol.swift; sourceTree = "<group>"; };
		B2C26ED72903FEAF001041A8 /* RequestManager.swift */ = {isa = PBXFileReference; lastKnownFileType = sourcecode.swift; path = RequestManager.swift; sourceTree = "<group>"; };
		B2C26EDA2904008D001041A8 /* DataParserProtocol.swift */ = {isa = PBXFileReference; lastKnownFileType = sourcecode.swift; path = DataParserProtocol.swift; sourceTree = "<group>"; };
		B2C26EDD2904544E001041A8 /* HousesRequest.swift */ = {isa = PBXFileReference; lastKnownFileType = sourcecode.swift; path = HousesRequest.swift; sourceTree = "<group>"; };
		B2C26EE22905CC52001041A8 /* Data+Extension.swift */ = {isa = PBXFileReference; lastKnownFileType = sourcecode.swift; path = "Data+Extension.swift"; sourceTree = "<group>"; };
/* End PBXFileReference section */

/* Begin PBXFrameworksBuildPhase section */
		B2C26E9F2903D46F001041A8 /* Frameworks */ = {
			isa = PBXFrameworksBuildPhase;
			buildActionMask = 2147483647;
			files = (
			);
			runOnlyForDeploymentPostprocessing = 0;
		};
/* End PBXFrameworksBuildPhase section */

/* Begin PBXGroup section */
		B2C26E992903D46F001041A8 = {
			isa = PBXGroup;
			children = (
				B2C26EA42903D46F001041A8 /* Trones */,
				B2C26EA32903D46F001041A8 /* Products */,
			);
			sourceTree = "<group>";
		};
		B2C26EA32903D46F001041A8 /* Products */ = {
			isa = PBXGroup;
			children = (
				B2C26EA22903D46F001041A8 /* Trones.app */,
			);
			name = Products;
			sourceTree = "<group>";
		};
		B2C26EA42903D46F001041A8 /* Trones */ = {
			isa = PBXGroup;
			children = (
				B2C26EB32903D5FD001041A8 /* Core */,
				B2C26EA52903D46F001041A8 /* TronesApp.swift */,
				B2C26EA72903D46F001041A8 /* ContentView.swift */,
				B2C26EA92903D471001041A8 /* Assets.xcassets */,
				B2C26EAB2903D471001041A8 /* Preview Content */,
				B2C26EE22905CC52001041A8 /* Data+Extension.swift */,
			);
			path = Trones;
			sourceTree = "<group>";
		};
		B2C26EAB2903D471001041A8 /* Preview Content */ = {
			isa = PBXGroup;
			children = (
				B2C26EAC2903D471001041A8 /* Preview Assets.xcassets */,
				B2C26EBB2903DED3001041A8 /* HousesMock.json */,
			);
			path = "Preview Content";
			sourceTree = "<group>";
		};
		B2C26EB32903D5FD001041A8 /* Core */ = {
			isa = PBXGroup;
			children = (
				B2C26EC92903EFA9001041A8 /* data */,
				B2C26EB42903D605001041A8 /* domain */,
			);
			path = Core;
			sourceTree = "<group>";
		};
		B2C26EB42903D605001041A8 /* domain */ = {
			isa = PBXGroup;
			children = (
				B2C26EB52903D60E001041A8 /* model */,
			);
			path = domain;
			sourceTree = "<group>";
		};
		B2C26EB52903D60E001041A8 /* model */ = {
			isa = PBXGroup;
			children = (
				B2C26EB82903DA63001041A8 /* house */,
			);
			path = model;
			sourceTree = "<group>";
		};
		B2C26EB82903DA63001041A8 /* house */ = {
			isa = PBXGroup;
			children = (
				B2C26EB62903D642001041A8 /* House.swift */,
				B2C26EB92903DA73001041A8 /* HousesMock.swift */,
			);
			path = house;
			sourceTree = "<group>";
		};
		B2C26EC92903EFA9001041A8 /* data */ = {
			isa = PBXGroup;
			children = (
				B2C26ECA2903EFB2001041A8 /* api */,
			);
			path = data;
			sourceTree = "<group>";
		};
		B2C26ECA2903EFB2001041A8 /* api */ = {
			isa = PBXGroup;
			children = (
				B2C26ED929040070001041A8 /* parser */,
				B2C26ED22903F0CD001041A8 /* network */,
				B2C26ECD2903F043001041A8 /* request */,
				B2C26ED02903F079001041A8 /* ApiConstants.swift */,
			);
			path = api;
			sourceTree = "<group>";
		};
		B2C26ECD2903F043001041A8 /* request */ = {
			isa = PBXGroup;
			children = (
				B2C26EDC29045433001041A8 /* houses */,
				B2C26ECB2903EFD1001041A8 /* RequestProtocol.swift */,
				B2C26ECE2903F055001041A8 /* RequestType.swift */,
			);
			path = request;
			sourceTree = "<group>";
		};
		B2C26ED22903F0CD001041A8 /* network */ = {
			isa = PBXGroup;
			children = (
				B2C26ED32903F0D8001041A8 /* NetworkError.swift */,
				B2C26ED52903FA26001041A8 /* APIManagerProtocol.swift */,
				B2C26ED72903FEAF001041A8 /* RequestManager.swift */,
			);
			path = network;
			sourceTree = "<group>";
		};
		B2C26ED929040070001041A8 /* parser */ = {
			isa = PBXGroup;
			children = (
				B2C26EDA2904008D001041A8 /* DataParserProtocol.swift */,
			);
			path = parser;
			sourceTree = "<group>";
		};
		B2C26EDC29045433001041A8 /* houses */ = {
			isa = PBXGroup;
			children = (
				B2C26EDD2904544E001041A8 /* HousesRequest.swift */,
			);
			path = houses;
			sourceTree = "<group>";
		};
/* End PBXGroup section */

/* Begin PBXNativeTarget section */
		B2C26EA12903D46F001041A8 /* Trones */ = {
			isa = PBXNativeTarget;
			buildConfigurationList = B2C26EB02903D471001041A8 /* Build configuration list for PBXNativeTarget "Trones" */;
			buildPhases = (
				B2C26E9E2903D46F001041A8 /* Sources */,
				B2C26E9F2903D46F001041A8 /* Frameworks */,
				B2C26EA02903D46F001041A8 /* Resources */,
			);
			buildRules = (
			);
			dependencies = (
			);
			name = Trones;
			productName = Trones;
			productReference = B2C26EA22903D46F001041A8 /* Trones.app */;
			productType = "com.apple.product-type.application";
		};
/* End PBXNativeTarget section */

/* Begin PBXProject section */
		B2C26E9A2903D46F001041A8 /* Project object */ = {
			isa = PBXProject;
			attributes = {
				BuildIndependentTargetsInParallel = 1;
				LastSwiftUpdateCheck = 1400;
				LastUpgradeCheck = 1400;
				TargetAttributes = {
					B2C26EA12903D46F001041A8 = {
						CreatedOnToolsVersion = 14.0.1;
					};
				};
			};
			buildConfigurationList = B2C26E9D2903D46F001041A8 /* Build configuration list for PBXProject "Trones" */;
			compatibilityVersion = "Xcode 14.0";
			developmentRegion = en;
			hasScannedForEncodings = 0;
			knownRegions = (
				en,
				Base,
			);
			mainGroup = B2C26E992903D46F001041A8;
			productRefGroup = B2C26EA32903D46F001041A8 /* Products */;
			projectDirPath = "";
			projectRoot = "";
			targets = (
				B2C26EA12903D46F001041A8 /* Trones */,
			);
		};
/* End PBXProject section */

/* Begin PBXResourcesBuildPhase section */
		B2C26EA02903D46F001041A8 /* Resources */ = {
			isa = PBXResourcesBuildPhase;
			buildActionMask = 2147483647;
			files = (
				B2C26EAD2903D471001041A8 /* Preview Assets.xcassets in Resources */,
				B2C26EBC2903DED3001041A8 /* HousesMock.json in Resources */,
				B2C26EAA2903D471001041A8 /* Assets.xcassets in Resources */,
			);
			runOnlyForDeploymentPostprocessing = 0;
		};
/* End PBXResourcesBuildPhase section */

/* Begin PBXSourcesBuildPhase section */
		B2C26E9E2903D46F001041A8 /* Sources */ = {
			isa = PBXSourcesBuildPhase;
			buildActionMask = 2147483647;
			files = (
				B2C26ED12903F079001041A8 /* ApiConstants.swift in Sources */,
				B2C26EE32905CC52001041A8 /* Data+Extension.swift in Sources */,
				B2C26ED62903FA26001041A8 /* APIManagerProtocol.swift in Sources */,
				B2C26ED42903F0D8001041A8 /* NetworkError.swift in Sources */,
				B2C26EBA2903DA73001041A8 /* HousesMock.swift in Sources */,
				B2C26EA82903D46F001041A8 /* ContentView.swift in Sources */,
				B2C26EDB2904008D001041A8 /* DataParserProtocol.swift in Sources */,
				B2C26ED82903FEAF001041A8 /* RequestManager.swift in Sources */,
				B2C26EB72903D642001041A8 /* House.swift in Sources */,
				B2C26EA62903D46F001041A8 /* TronesApp.swift in Sources */,
				B2C26ECC2903EFD1001041A8 /* RequestProtocol.swift in Sources */,
				B2C26EDE2904544E001041A8 /* HousesRequest.swift in Sources */,
				B2C26ECF2903F055001041A8 /* RequestType.swift in Sources */,
			);
			runOnlyForDeploymentPostprocessing = 0;
		};
/* End PBXSourcesBuildPhase section */

/* Begin XCBuildConfiguration section */
		B2C26EAE2903D471001041A8 /* Debug */ = {
			isa = XCBuildConfiguration;
			buildSettings = {
				ALWAYS_SEARCH_USER_PATHS = NO;
				CLANG_ANALYZER_NONNULL = YES;
				CLANG_ANALYZER_NUMBER_OBJECT_CONVERSION = YES_AGGRESSIVE;
				CLANG_CXX_LANGUAGE_STANDARD = "gnu++20";
				CLANG_ENABLE_MODULES = YES;
				CLANG_ENABLE_OBJC_ARC = YES;
				CLANG_ENABLE_OBJC_WEAK = YES;
				CLANG_WARN_BLOCK_CAPTURE_AUTORELEASING = YES;
				CLANG_WARN_BOOL_CONVERSION = YES;
				CLANG_WARN_COMMA = YES;
				CLANG_WARN_CONSTANT_CONVERSION = YES;
				CLANG_WARN_DEPRECATED_OBJC_IMPLEMENTATIONS = YES;
				CLANG_WARN_DIRECT_OBJC_ISA_USAGE = YES_ERROR;
				CLANG_WARN_DOCUMENTATION_COMMENTS = YES;
				CLANG_WARN_EMPTY_BODY = YES;
				CLANG_WARN_ENUM_CONVERSION = YES;
				CLANG_WARN_INFINITE_RECURSION = YES;
				CLANG_WARN_INT_CONVERSION = YES;
				CLANG_WARN_NON_LITERAL_NULL_CONVERSION = YES;
				CLANG_WARN_OBJC_IMPLICIT_RETAIN_SELF = YES;
				CLANG_WARN_OBJC_LITERAL_CONVERSION = YES;
				CLANG_WARN_OBJC_ROOT_CLASS = YES_ERROR;
				CLANG_WARN_QUOTED_INCLUDE_IN_FRAMEWORK_HEADER = YES;
				CLANG_WARN_RANGE_LOOP_ANALYSIS = YES;
				CLANG_WARN_STRICT_PROTOTYPES = YES;
				CLANG_WARN_SUSPICIOUS_MOVE = YES;
				CLANG_WARN_UNGUARDED_AVAILABILITY = YES_AGGRESSIVE;
				CLANG_WARN_UNREACHABLE_CODE = YES;
				CLANG_WARN__DUPLICATE_METHOD_MATCH = YES;
				COPY_PHASE_STRIP = NO;
				DEBUG_INFORMATION_FORMAT = dwarf;
				ENABLE_STRICT_OBJC_MSGSEND = YES;
				ENABLE_TESTABILITY = YES;
				GCC_C_LANGUAGE_STANDARD = gnu11;
				GCC_DYNAMIC_NO_PIC = NO;
				GCC_NO_COMMON_BLOCKS = YES;
				GCC_OPTIMIZATION_LEVEL = 0;
				GCC_PREPROCESSOR_DEFINITIONS = (
					"DEBUG=1",
					"$(inherited)",
				);
				GCC_WARN_64_TO_32_BIT_CONVERSION = YES;
				GCC_WARN_ABOUT_RETURN_TYPE = YES_ERROR;
				GCC_WARN_UNDECLARED_SELECTOR = YES;
				GCC_WARN_UNINITIALIZED_AUTOS = YES_AGGRESSIVE;
				GCC_WARN_UNUSED_FUNCTION = YES;
				GCC_WARN_UNUSED_VARIABLE = YES;
				IPHONEOS_DEPLOYMENT_TARGET = 16.0;
				MTL_ENABLE_DEBUG_INFO = INCLUDE_SOURCE;
				MTL_FAST_MATH = YES;
				ONLY_ACTIVE_ARCH = YES;
				SDKROOT = iphoneos;
				SWIFT_ACTIVE_COMPILATION_CONDITIONS = DEBUG;
				SWIFT_OPTIMIZATION_LEVEL = "-Onone";
			};
			name = Debug;
		};
		B2C26EAF2903D471001041A8 /* Release */ = {
			isa = XCBuildConfiguration;
			buildSettings = {
				ALWAYS_SEARCH_USER_PATHS = NO;
				CLANG_ANALYZER_NONNULL = YES;
				CLANG_ANALYZER_NUMBER_OBJECT_CONVERSION = YES_AGGRESSIVE;
				CLANG_CXX_LANGUAGE_STANDARD = "gnu++20";
				CLANG_ENABLE_MODULES = YES;
				CLANG_ENABLE_OBJC_ARC = YES;
				CLANG_ENABLE_OBJC_WEAK = YES;
				CLANG_WARN_BLOCK_CAPTURE_AUTORELEASING = YES;
				CLANG_WARN_BOOL_CONVERSION = YES;
				CLANG_WARN_COMMA = YES;
				CLANG_WARN_CONSTANT_CONVERSION = YES;
				CLANG_WARN_DEPRECATED_OBJC_IMPLEMENTATIONS = YES;
				CLANG_WARN_DIRECT_OBJC_ISA_USAGE = YES_ERROR;
				CLANG_WARN_DOCUMENTATION_COMMENTS = YES;
				CLANG_WARN_EMPTY_BODY = YES;
				CLANG_WARN_ENUM_CONVERSION = YES;
				CLANG_WARN_INFINITE_RECURSION = YES;
				CLANG_WARN_INT_CONVERSION = YES;
				CLANG_WARN_NON_LITERAL_NULL_CONVERSION = YES;
				CLANG_WARN_OBJC_IMPLICIT_RETAIN_SELF = YES;
				CLANG_WARN_OBJC_LITERAL_CONVERSION = YES;
				CLANG_WARN_OBJC_ROOT_CLASS = YES_ERROR;
				CLANG_WARN_QUOTED_INCLUDE_IN_FRAMEWORK_HEADER = YES;
				CLANG_WARN_RANGE_LOOP_ANALYSIS = YES;
				CLANG_WARN_STRICT_PROTOTYPES = YES;
				CLANG_WARN_SUSPICIOUS_MOVE = YES;
				CLANG_WARN_UNGUARDED_AVAILABILITY = YES_AGGRESSIVE;
				CLANG_WARN_UNREACHABLE_CODE = YES;
				CLANG_WARN__DUPLICATE_METHOD_MATCH = YES;
				COPY_PHASE_STRIP = NO;
				DEBUG_INFORMATION_FORMAT = "dwarf-with-dsym";
				ENABLE_NS_ASSERTIONS = NO;
				ENABLE_STRICT_OBJC_MSGSEND = YES;
				GCC_C_LANGUAGE_STANDARD = gnu11;
				GCC_NO_COMMON_BLOCKS = YES;
				GCC_WARN_64_TO_32_BIT_CONVERSION = YES;
				GCC_WARN_ABOUT_RETURN_TYPE = YES_ERROR;
				GCC_WARN_UNDECLARED_SELECTOR = YES;
				GCC_WARN_UNINITIALIZED_AUTOS = YES_AGGRESSIVE;
				GCC_WARN_UNUSED_FUNCTION = YES;
				GCC_WARN_UNUSED_VARIABLE = YES;
				IPHONEOS_DEPLOYMENT_TARGET = 16.0;
				MTL_ENABLE_DEBUG_INFO = NO;
				MTL_FAST_MATH = YES;
				SDKROOT = iphoneos;
				SWIFT_COMPILATION_MODE = wholemodule;
				SWIFT_OPTIMIZATION_LEVEL = "-O";
				VALIDATE_PRODUCT = YES;
			};
			name = Release;
		};
		B2C26EB12903D471001041A8 /* Debug */ = {
			isa = XCBuildConfiguration;
			buildSettings = {
				ASSETCATALOG_COMPILER_APPICON_NAME = AppIcon;
				ASSETCATALOG_COMPILER_GLOBAL_ACCENT_COLOR_NAME = AccentColor;
				CODE_SIGN_STYLE = Automatic;
				CURRENT_PROJECT_VERSION = 1;
				DEVELOPMENT_ASSET_PATHS = "\"Trones/Preview Content\"";
				DEVELOPMENT_TEAM = 9WTXG2G2BJ;
				ENABLE_PREVIEWS = YES;
				GENERATE_INFOPLIST_FILE = YES;
				INFOPLIST_KEY_UIApplicationSceneManifest_Generation = YES;
				INFOPLIST_KEY_UIApplicationSupportsIndirectInputEvents = YES;
				INFOPLIST_KEY_UILaunchScreen_Generation = YES;
				INFOPLIST_KEY_UISupportedInterfaceOrientations_iPad = "UIInterfaceOrientationPortrait UIInterfaceOrientationPortraitUpsideDown UIInterfaceOrientationLandscapeLeft UIInterfaceOrientationLandscapeRight";
				INFOPLIST_KEY_UISupportedInterfaceOrientations_iPhone = "UIInterfaceOrientationPortrait UIInterfaceOrientationLandscapeLeft UIInterfaceOrientationLandscapeRight";
				IPHONEOS_DEPLOYMENT_TARGET = 14.0;
				LD_RUNPATH_SEARCH_PATHS = (
					"$(inherited)",
					"@executable_path/Frameworks",
				);
				MARKETING_VERSION = 1.0;
				PRODUCT_BUNDLE_IDENTIFIER = tech.diayansiat.Trones;
				PRODUCT_NAME = "$(TARGET_NAME)";
				SWIFT_EMIT_LOC_STRINGS = YES;
				SWIFT_VERSION = 5.0;
				TARGETED_DEVICE_FAMILY = "1,2";
			};
			name = Debug;
		};
		B2C26EB22903D471001041A8 /* Release */ = {
			isa = XCBuildConfiguration;
			buildSettings = {
				ASSETCATALOG_COMPILER_APPICON_NAME = AppIcon;
				ASSETCATALOG_COMPILER_GLOBAL_ACCENT_COLOR_NAME = AccentColor;
				CODE_SIGN_STYLE = Automatic;
				CURRENT_PROJECT_VERSION = 1;
				DEVELOPMENT_ASSET_PATHS = "\"Trones/Preview Content\"";
				DEVELOPMENT_TEAM = 9WTXG2G2BJ;
				ENABLE_PREVIEWS = YES;
				GENERATE_INFOPLIST_FILE = YES;
				INFOPLIST_KEY_UIApplicationSceneManifest_Generation = YES;
				INFOPLIST_KEY_UIApplicationSupportsIndirectInputEvents = YES;
				INFOPLIST_KEY_UILaunchScreen_Generation = YES;
				INFOPLIST_KEY_UISupportedInterfaceOrientations_iPad = "UIInterfaceOrientationPortrait UIInterfaceOrientationPortraitUpsideDown UIInterfaceOrientationLandscapeLeft UIInterfaceOrientationLandscapeRight";
				INFOPLIST_KEY_UISupportedInterfaceOrientations_iPhone = "UIInterfaceOrientationPortrait UIInterfaceOrientationLandscapeLeft UIInterfaceOrientationLandscapeRight";
				IPHONEOS_DEPLOYMENT_TARGET = 14.0;
				LD_RUNPATH_SEARCH_PATHS = (
					"$(inherited)",
					"@executable_path/Frameworks",
				);
				MARKETING_VERSION = 1.0;
				PRODUCT_BUNDLE_IDENTIFIER = tech.diayansiat.Trones;
				PRODUCT_NAME = "$(TARGET_NAME)";
				SWIFT_EMIT_LOC_STRINGS = YES;
				SWIFT_VERSION = 5.0;
				TARGETED_DEVICE_FAMILY = "1,2";
			};
			name = Release;
		};
/* End XCBuildConfiguration section */

/* Begin XCConfigurationList section */
		B2C26E9D2903D46F001041A8 /* Build configuration list for PBXProject "Trones" */ = {
			isa = XCConfigurationList;
			buildConfigurations = (
				B2C26EAE2903D471001041A8 /* Debug */,
				B2C26EAF2903D471001041A8 /* Release */,
			);
			defaultConfigurationIsVisible = 0;
			defaultConfigurationName = Release;
		};
		B2C26EB02903D471001041A8 /* Build configuration list for PBXNativeTarget "Trones" */ = {
			isa = XCConfigurationList;
			buildConfigurations = (
				B2C26EB12903D471001041A8 /* Debug */,
				B2C26EB22903D471001041A8 /* Release */,
			);
			defaultConfigurationIsVisible = 0;
			defaultConfigurationName = Release;
		};
/* End XCConfigurationList section */
	};
	rootObject = B2C26E9A2903D46F001041A8 /* Project object */;
}
